Microsoft Visual Studio Solution File, Format Version 12.00
# Visual Studio Version 17
VisualStudioVersion = 17.5.2.0
MinimumVisualStudioVersion = 10.0.40219.1
Project("{FAE04EC0-301F-11D3-BF4B-00C04F79EFBC}") = "OfficesApi.Domain", "OfficesApi.Domain.csproj", "{DF56876A-65ED-C65D-0322-7DA279874427}"
EndProject
Global
	GlobalSection(SolutionConfigurationPlatforms) = preSolution
		Debug|Any CPU = Debug|Any CPU
		Release|Any CPU = Release|Any CPU
	EndGlobalSection
	GlobalSection(ProjectConfigurationPlatforms) = postSolution
		{DF56876A-65ED-C65D-0322-7DA279874427}.Debug|Any CPU.ActiveCfg = Debug|Any CPU
		{DF56876A-65ED-C65D-0322-7DA279874427}.Debug|Any CPU.Build.0 = Debug|Any CPU
		{DF56876A-65ED-C65D-0322-7DA279874427}.Release|Any CPU.ActiveCfg = Release|Any CPU
		{DF56876A-65ED-C65D-0322-7DA279874427}.Release|Any CPU.Build.0 = Release|Any CPU
	EndGlobalSection
	GlobalSection(SolutionProperties) = preSolution
		HideSolutionNode = FALSE
	EndGlobalSection
	GlobalSection(ExtensibilityGlobals) = postSolution
		SolutionGuid = {17E5487A-5D69-457A-A0B5-2D2EB744CC6D}
	EndGlobalSection
EndGlobal
