Microsoft Visual Studio Solution File, Format Version 12.00
# Visual Studio Version 17
VisualStudioVersion = 17.5.2.0
MinimumVisualStudioVersion = 10.0.40219.1
Project("{FAE04EC0-301F-11D3-BF4B-00C04F79EFBC}") = "Services.Contracts", "Services.Contracts.csproj", "{3276CD13-93C4-3B8A-EAC5-5EA550C4FFC2}"
EndProject
Global
	GlobalSection(SolutionConfigurationPlatforms) = preSolution
		Debug|Any CPU = Debug|Any CPU
		Release|Any CPU = Release|Any CPU
	EndGlobalSection
	GlobalSection(ProjectConfigurationPlatforms) = postSolution
		{3276CD13-93C4-3B8A-EAC5-5EA550C4FFC2}.Debug|Any CPU.ActiveCfg = Debug|Any CPU
		{3276CD13-93C4-3B8A-EAC5-5EA550C4FFC2}.Debug|Any CPU.Build.0 = Debug|Any CPU
		{3276CD13-93C4-3B8A-EAC5-5EA550C4FFC2}.Release|Any CPU.ActiveCfg = Release|Any CPU
		{3276CD13-93C4-3B8A-EAC5-5EA550C4FFC2}.Release|Any CPU.Build.0 = Release|Any CPU
	EndGlobalSection
	GlobalSection(SolutionProperties) = preSolution
		HideSolutionNode = FALSE
	EndGlobalSection
	GlobalSection(ExtensibilityGlobals) = postSolution
		SolutionGuid = {17EB9223-7E3C-462D-83BD-6BDF73C41C19}
	EndGlobalSection
EndGlobal
