Microsoft Visual Studio Solution File, Format Version 12.00
# Visual Studio Version 17
VisualStudioVersion = 17.5.2.0
MinimumVisualStudioVersion = 10.0.40219.1
Project("{FAE04EC0-301F-11D3-BF4B-00C04F79EFBC}") = "OfficesApi.Shared", "OfficesApi.Shared.csproj", "{5016F7DD-DEA9-56A5-B652-D944E4B42DF4}"
EndProject
Global
	GlobalSection(SolutionConfigurationPlatforms) = preSolution
		Debug|Any CPU = Debug|Any CPU
		Release|Any CPU = Release|Any CPU
	EndGlobalSection
	GlobalSection(ProjectConfigurationPlatforms) = postSolution
		{5016F7DD-DEA9-56A5-B652-D944E4B42DF4}.Debug|Any CPU.ActiveCfg = Debug|Any CPU
		{5016F7DD-DEA9-56A5-B652-D944E4B42DF4}.Debug|Any CPU.Build.0 = Debug|Any CPU
		{5016F7DD-DEA9-56A5-B652-D944E4B42DF4}.Release|Any CPU.ActiveCfg = Release|Any CPU
		{5016F7DD-DEA9-56A5-B652-D944E4B42DF4}.Release|Any CPU.Build.0 = Release|Any CPU
	EndGlobalSection
	GlobalSection(SolutionProperties) = preSolution
		HideSolutionNode = FALSE
	EndGlobalSection
	GlobalSection(ExtensibilityGlobals) = postSolution
		SolutionGuid = {84E55B36-8CBC-422A-B851-81E5334868B0}
	EndGlobalSection
EndGlobal
